
Microsoft Visual Studio Solution File, Format Version 12.00
# Visual Studio Version 17
VisualStudioVersion = 17.0.32112.339
MinimumVisualStudioVersion = 10.0.40219.1
Project("{FAE04EC0-301F-11D3-BF4B-00C04F79EFBC}") = "Text Editor", "Text Editor\Text Editor.csproj", "{33D7DB6A-21C2-477F-8074-3912AD1BB38B}"
EndProject
Global
	GlobalSection(SolutionConfigurationPlatforms) = preSolution
		Debug|Any CPU = Debug|Any CPU
		Release|Any CPU = Release|Any CPU
	EndGlobalSection
	GlobalSection(ProjectConfigurationPlatforms) = postSolution
		{33D7DB6A-21C2-477F-8074-3912AD1BB38B}.Debug|Any CPU.ActiveCfg = Debug|Any CPU
		{33D7DB6A-21C2-477F-8074-3912AD1BB38B}.Debug|Any CPU.Build.0 = Debug|Any CPU
		{33D7DB6A-21C2-477F-8074-3912AD1BB38B}.Release|Any CPU.ActiveCfg = Release|Any CPU
		{33D7DB6A-21C2-477F-8074-3912AD1BB38B}.Release|Any CPU.Build.0 = Release|Any CPU
	EndGlobalSection
	GlobalSection(SolutionProperties) = preSolution
		HideSolutionNode = FALSE
	EndGlobalSection
	GlobalSection(ExtensibilityGlobals) = postSolution
		SolutionGuid = {802A1B22-7481-4EA5-B1D9-DB82CCC77378}
	EndGlobalSection
EndGlobal
